
Microsoft Visual Studio Solution File, Format Version 12.00
# Visual Studio Version 16
VisualStudioVersion = 16.0.31129.286
MinimumVisualStudioVersion = 10.0.40219.1
Project("{FAE04EC0-301F-11D3-BF4B-00C04F79EFBC}") = "Product.BookStore.MessageSender", "Product.BookStore.MessageSender\Product.BookStore.MessageSender.csproj", "{673A9B79-9349-4132-B1B9-590A156A6200}"
EndProject
Global
	GlobalSection(SolutionConfigurationPlatforms) = preSolution
		Debug|Any CPU = Debug|Any CPU
		Release|Any CPU = Release|Any CPU
	EndGlobalSection
	GlobalSection(ProjectConfigurationPlatforms) = postSolution
		{673A9B79-9349-4132-B1B9-590A156A6200}.Debug|Any CPU.ActiveCfg = Debug|Any CPU
		{673A9B79-9349-4132-B1B9-590A156A6200}.Debug|Any CPU.Build.0 = Debug|Any CPU
		{673A9B79-9349-4132-B1B9-590A156A6200}.Release|Any CPU.ActiveCfg = Release|Any CPU
		{673A9B79-9349-4132-B1B9-590A156A6200}.Release|Any CPU.Build.0 = Release|Any CPU
	EndGlobalSection
	GlobalSection(SolutionProperties) = preSolution
		HideSolutionNode = FALSE
	EndGlobalSection
	GlobalSection(ExtensibilityGlobals) = postSolution
		SolutionGuid = {1E51FFF2-F5D3-4061-8177-F711D90788B5}
	EndGlobalSection
EndGlobal
