
Microsoft Visual Studio Solution File, Format Version 12.00
# Visual Studio Version 16
VisualStudioVersion = 16.0.31129.286
MinimumVisualStudioVersion = 10.0.40219.1
Project("{FAE04EC0-301F-11D3-BF4B-00C04F79EFBC}") = "BookStore.ProductService", "BookStore.ProductService\BookStore.ProductService.csproj", "{8B5E96DA-736F-4B7E-AA0D-676044B2E2E6}"
EndProject
Global
	GlobalSection(SolutionConfigurationPlatforms) = preSolution
		Debug|Any CPU = Debug|Any CPU
		Release|Any CPU = Release|Any CPU
	EndGlobalSection
	GlobalSection(ProjectConfigurationPlatforms) = postSolution
		{8B5E96DA-736F-4B7E-AA0D-676044B2E2E6}.Debug|Any CPU.ActiveCfg = Debug|Any CPU
		{8B5E96DA-736F-4B7E-AA0D-676044B2E2E6}.Debug|Any CPU.Build.0 = Debug|Any CPU
		{8B5E96DA-736F-4B7E-AA0D-676044B2E2E6}.Release|Any CPU.ActiveCfg = Release|Any CPU
		{8B5E96DA-736F-4B7E-AA0D-676044B2E2E6}.Release|Any CPU.Build.0 = Release|Any CPU
	EndGlobalSection
	GlobalSection(SolutionProperties) = preSolution
		HideSolutionNode = FALSE
	EndGlobalSection
	GlobalSection(ExtensibilityGlobals) = postSolution
		SolutionGuid = {9F7581B9-280C-490B-AB75-39C8995768CB}
	EndGlobalSection
EndGlobal
